{
    "_meta": {
        "hash": {
            "sha256": "c00b88240030902142d7a2181c155121e2701425a3e4739c0f2c419bfdbd42d8"
        },
        "pipfile-spec": 6,
        "requires": {
            "python_version": "3.10"
        },
        "sources": [
            {
                "name": "pypi",
                "url": "https://pypi.org/simple",
                "verify_ssl": true
            }
        ]
    },
    "default": {
        "filelock": {
            "hashes": [
                "sha256:521f5f56c50f8426f5e03ad3b281b490a87ef15bc6c526f168290f0c7148d44e",
                "sha256:57dbda9b35157b05fb3e58ee91448612eb674172fab98ee235ccb0b5bee19a1c"
            ],
            "index": "pypi",
            "version": "==3.13.1"
        }
    },
    "develop": {}
}
